
Microsoft Visual Studio Solution File, Format Version 12.00
# Visual Studio Version 16
VisualStudioVersion = 16.0.30011.22
MinimumVisualStudioVersion = 10.0.40219.1
Project("{FAE04EC0-301F-11D3-BF4B-00C04F79EFBC}") = "Aspcore", "Aspcore\Aspcore.csproj", "{A3CA4F34-D5C3-4E6E-BB7A-2CDCAEAFD0F9}"
EndProject
Project("{FAE04EC0-301F-11D3-BF4B-00C04F79EFBC}") = "EmployeeManagement", "EmployeeManagement\EmployeeManagement.csproj", "{5EC8248D-8C03-4F66-BA22-78984B1260A0}"
EndProject
Global
	GlobalSection(SolutionConfigurationPlatforms) = preSolution
		Debug|Any CPU = Debug|Any CPU
		Release|Any CPU = Release|Any CPU
	EndGlobalSection
	GlobalSection(ProjectConfigurationPlatforms) = postSolution
		{A3CA4F34-D5C3-4E6E-BB7A-2CDCAEAFD0F9}.Debug|Any CPU.ActiveCfg = Debug|Any CPU
		{A3CA4F34-D5C3-4E6E-BB7A-2CDCAEAFD0F9}.Debug|Any CPU.Build.0 = Debug|Any CPU
		{A3CA4F34-D5C3-4E6E-BB7A-2CDCAEAFD0F9}.Release|Any CPU.ActiveCfg = Release|Any CPU
		{A3CA4F34-D5C3-4E6E-BB7A-2CDCAEAFD0F9}.Release|Any CPU.Build.0 = Release|Any CPU
		{5EC8248D-8C03-4F66-BA22-78984B1260A0}.Debug|Any CPU.ActiveCfg = Debug|Any CPU
		{5EC8248D-8C03-4F66-BA22-78984B1260A0}.Debug|Any CPU.Build.0 = Debug|Any CPU
		{5EC8248D-8C03-4F66-BA22-78984B1260A0}.Release|Any CPU.ActiveCfg = Release|Any CPU
		{5EC8248D-8C03-4F66-BA22-78984B1260A0}.Release|Any CPU.Build.0 = Release|Any CPU
	EndGlobalSection
	GlobalSection(SolutionProperties) = preSolution
		HideSolutionNode = FALSE
	EndGlobalSection
	GlobalSection(ExtensibilityGlobals) = postSolution
		SolutionGuid = {7B13D18E-87A6-470A-B9A2-61345B85D2E4}
	EndGlobalSection
EndGlobal
